// !$*UTF8*$!
{
	archiveVersion = 1;
	classes = {
	};
	objectVersion = 56;
	objects = {

/* Begin PBXBuildFile section */
		FA3E529D2BD91CE700AC581D /* FetchedObjects.swift in Sources */ = {isa = PBXBuildFile; fileRef = FA3E529B2BD91CE600AC581D /* FetchedObjects.swift */; };
		FA3E529E2BD91CE700AC581D /* Persistence.swift in Sources */ = {isa = PBXBuildFile; fileRef = FA3E529C2BD91CE700AC581D /* Persistence.swift */; };
		FA4E03772BE1033700016E74 /* MenuList.swift in Sources */ = {isa = PBXBuildFile; fileRef = FA4E03762BE1033700016E74 /* MenuList.swift */; };
		FA4E03792BE1035B00016E74 /* MenuItem.swift in Sources */ = {isa = PBXBuildFile; fileRef = FA4E03782BE1035B00016E74 /* MenuItem.swift */; };
		FA4E037C2BE11C5A00016E74 /* ExampleDatabase.xcdatamodeld in Sources */ = {isa = PBXBuildFile; fileRef = FA4E037A2BE11C5A00016E74 /* ExampleDatabase.xcdatamodeld */; };
		FA6901D92BD26D3F00EBAAA3 /* Onboarding.swift in Sources */ = {isa = PBXBuildFile; fileRef = FA6901D82BD26D3F00EBAAA3 /* Onboarding.swift */; };
		FA702EED2BE26A1500DC1877 /* Details.swift in Sources */ = {isa = PBXBuildFile; fileRef = FA702EEC2BE26A1500DC1877 /* Details.swift */; };
		FAA91F342BC4191200EFD980 /* Little_LemonApp.swift in Sources */ = {isa = PBXBuildFile; fileRef = FAA91F332BC4191200EFD980 /* Little_LemonApp.swift */; };
		FAA91F382BC4191400EFD980 /* Assets.xcassets in Resources */ = {isa = PBXBuildFile; fileRef = FAA91F372BC4191400EFD980 /* Assets.xcassets */; };
		FAA91F3B2BC4191400EFD980 /* Preview Assets.xcassets in Resources */ = {isa = PBXBuildFile; fileRef = FAA91F3A2BC4191400EFD980 /* Preview Assets.xcassets */; };
		FAB73ADF2BD3ABF800582B23 /* Home.swift in Sources */ = {isa = PBXBuildFile; fileRef = FAB73ADE2BD3ABF800582B23 /* Home.swift */; };
		FAB73AE12BD3ADE200582B23 /* Menu.swift in Sources */ = {isa = PBXBuildFile; fileRef = FAB73AE02BD3ADE200582B23 /* Menu.swift */; };
		FAE066282BD509800013FB55 /* UserProfile.swift in Sources */ = {isa = PBXBuildFile; fileRef = FAE066272BD509800013FB55 /* UserProfile.swift */; };
/* End PBXBuildFile section */

/* Begin PBXFileReference section */
		FA3E529B2BD91CE600AC581D /* FetchedObjects.swift */ = {isa = PBXFileReference; fileEncoding = 4; lastKnownFileType = sourcecode.swift; path = FetchedObjects.swift; sourceTree = "<group>"; };
		FA3E529C2BD91CE700AC581D /* Persistence.swift */ = {isa = PBXFileReference; fileEncoding = 4; lastKnownFileType = sourcecode.swift; path = Persistence.swift; sourceTree = "<group>"; };
		FA4E03762BE1033700016E74 /* MenuList.swift */ = {isa = PBXFileReference; lastKnownFileType = sourcecode.swift; path = MenuList.swift; sourceTree = "<group>"; };
		FA4E03782BE1035B00016E74 /* MenuItem.swift */ = {isa = PBXFileReference; lastKnownFileType = sourcecode.swift; path = MenuItem.swift; sourceTree = "<group>"; };
		FA4E037B2BE11C5A00016E74 /* ExampleDatabase.xcdatamodel */ = {isa = PBXFileReference; lastKnownFileType = wrapper.xcdatamodel; path = ExampleDatabase.xcdatamodel; sourceTree = "<group>"; };
		FA6901D82BD26D3F00EBAAA3 /* Onboarding.swift */ = {isa = PBXFileReference; lastKnownFileType = sourcecode.swift; path = Onboarding.swift; sourceTree = "<group>"; };
		FA702EEC2BE26A1500DC1877 /* Details.swift */ = {isa = PBXFileReference; lastKnownFileType = sourcecode.swift; path = Details.swift; sourceTree = "<group>"; };
		FAA91F302BC4191200EFD980 /* Little Lemon.app */ = {isa = PBXFileReference; explicitFileType = wrapper.application; includeInIndex = 0; path = "Little Lemon.app"; sourceTree = BUILT_PRODUCTS_DIR; };
		FAA91F332BC4191200EFD980 /* Little_LemonApp.swift */ = {isa = PBXFileReference; lastKnownFileType = sourcecode.swift; path = Little_LemonApp.swift; sourceTree = "<group>"; };
		FAA91F372BC4191400EFD980 /* Assets.xcassets */ = {isa = PBXFileReference; lastKnownFileType = folder.assetcatalog; path = Assets.xcassets; sourceTree = "<group>"; };
		FAA91F3A2BC4191400EFD980 /* Preview Assets.xcassets */ = {isa = PBXFileReference; lastKnownFileType = folder.assetcatalog; path = "Preview Assets.xcassets"; sourceTree = "<group>"; };
		FAB73ADE2BD3ABF800582B23 /* Home.swift */ = {isa = PBXFileReference; lastKnownFileType = sourcecode.swift; path = Home.swift; sourceTree = "<group>"; };
		FAB73AE02BD3ADE200582B23 /* Menu.swift */ = {isa = PBXFileReference; lastKnownFileType = sourcecode.swift; path = Menu.swift; sourceTree = "<group>"; };
		FAE066272BD509800013FB55 /* UserProfile.swift */ = {isa = PBXFileReference; lastKnownFileType = sourcecode.swift; path = UserProfile.swift; sourceTree = "<group>"; };
/* End PBXFileReference section */

/* Begin PBXFrameworksBuildPhase section */
		FAA91F2D2BC4191200EFD980 /* Frameworks */ = {
			isa = PBXFrameworksBuildPhase;
			buildActionMask = 2147483647;
			files = (
			);
			runOnlyForDeploymentPostprocessing = 0;
		};
/* End PBXFrameworksBuildPhase section */

/* Begin PBXGroup section */
		FAA91F272BC4191200EFD980 = {
			isa = PBXGroup;
			children = (
				FAA91F322BC4191200EFD980 /* Little Lemon */,
				FAA91F312BC4191200EFD980 /* Products */,
			);
			sourceTree = "<group>";
		};
		FAA91F312BC4191200EFD980 /* Products */ = {
			isa = PBXGroup;
			children = (
				FAA91F302BC4191200EFD980 /* Little Lemon.app */,
			);
			name = Products;
			sourceTree = "<group>";
		};
		FAA91F322BC4191200EFD980 /* Little Lemon */ = {
			isa = PBXGroup;
			children = (
				FAA91F332BC4191200EFD980 /* Little_LemonApp.swift */,
				FA6901D82BD26D3F00EBAAA3 /* Onboarding.swift */,
				FA702EEC2BE26A1500DC1877 /* Details.swift */,
				FA4E03762BE1033700016E74 /* MenuList.swift */,
				FA4E03782BE1035B00016E74 /* MenuItem.swift */,
				FAB73ADE2BD3ABF800582B23 /* Home.swift */,
				FAE066272BD509800013FB55 /* UserProfile.swift */,
				FAB73AE02BD3ADE200582B23 /* Menu.swift */,
				FA4E037A2BE11C5A00016E74 /* ExampleDatabase.xcdatamodeld */,
				FA3E529B2BD91CE600AC581D /* FetchedObjects.swift */,
				FA3E529C2BD91CE700AC581D /* Persistence.swift */,
				FAA91F372BC4191400EFD980 /* Assets.xcassets */,
				FAA91F392BC4191400EFD980 /* Preview Content */,
			);
			path = "Little Lemon";
			sourceTree = "<group>";
		};
		FAA91F392BC4191400EFD980 /* Preview Content */ = {
			isa = PBXGroup;
			children = (
				FAA91F3A2BC4191400EFD980 /* Preview Assets.xcassets */,
			);
			path = "Preview Content";
			sourceTree = "<group>";
		};
/* End PBXGroup section */

/* Begin PBXNativeTarget section */
		FAA91F2F2BC4191200EFD980 /* Little Lemon */ = {
			isa = PBXNativeTarget;
			buildConfigurationList = FAA91F3E2BC4191400EFD980 /* Build configuration list for PBXNativeTarget "Little Lemon" */;
			buildPhases = (
				FAA91F2C2BC4191200EFD980 /* Sources */,
				FAA91F2D2BC4191200EFD980 /* Frameworks */,
				FAA91F2E2BC4191200EFD980 /* Resources */,
			);
			buildRules = (
			);
			dependencies = (
			);
			name = "Little Lemon";
			productName = "Little Lemon";
			productReference = FAA91F302BC4191200EFD980 /* Little Lemon.app */;
			productType = "com.apple.product-type.application";
		};
/* End PBXNativeTarget section */

/* Begin PBXProject section */
		FAA91F282BC4191200EFD980 /* Project object */ = {
			isa = PBXProject;
			attributes = {
				BuildIndependentTargetsInParallel = 1;
				LastSwiftUpdateCheck = 1530;
				LastUpgradeCheck = 1530;
				TargetAttributes = {
					FAA91F2F2BC4191200EFD980 = {
						CreatedOnToolsVersion = 15.3;
					};
				};
			};
			buildConfigurationList = FAA91F2B2BC4191200EFD980 /* Build configuration list for PBXProject "Little Lemon" */;
			compatibilityVersion = "Xcode 14.0";
			developmentRegion = en;
			hasScannedForEncodings = 0;
			knownRegions = (
				en,
				Base,
			);
			mainGroup = FAA91F272BC4191200EFD980;
			productRefGroup = FAA91F312BC4191200EFD980 /* Products */;
			projectDirPath = "";
			projectRoot = "";
			targets = (
				FAA91F2F2BC4191200EFD980 /* Little Lemon */,
			);
		};
/* End PBXProject section */

/* Begin PBXResourcesBuildPhase section */
		FAA91F2E2BC4191200EFD980 /* Resources */ = {
			isa = PBXResourcesBuildPhase;
			buildActionMask = 2147483647;
			files = (
				FAA91F3B2BC4191400EFD980 /* Preview Assets.xcassets in Resources */,
				FAA91F382BC4191400EFD980 /* Assets.xcassets in Resources */,
			);
			runOnlyForDeploymentPostprocessing = 0;
		};
/* End PBXResourcesBuildPhase section */

/* Begin PBXSourcesBuildPhase section */
		FAA91F2C2BC4191200EFD980 /* Sources */ = {
			isa = PBXSourcesBuildPhase;
			buildActionMask = 2147483647;
			files = (
				FA6901D92BD26D3F00EBAAA3 /* Onboarding.swift in Sources */,
				FAB73ADF2BD3ABF800582B23 /* Home.swift in Sources */,
				FA4E03772BE1033700016E74 /* MenuList.swift in Sources */,
				FA3E529D2BD91CE700AC581D /* FetchedObjects.swift in Sources */,
				FA3E529E2BD91CE700AC581D /* Persistence.swift in Sources */,
				FA4E037C2BE11C5A00016E74 /* ExampleDatabase.xcdatamodeld in Sources */,
				FA702EED2BE26A1500DC1877 /* Details.swift in Sources */,
				FAE066282BD509800013FB55 /* UserProfile.swift in Sources */,
				FA4E03792BE1035B00016E74 /* MenuItem.swift in Sources */,
				FAB73AE12BD3ADE200582B23 /* Menu.swift in Sources */,
				FAA91F342BC4191200EFD980 /* Little_LemonApp.swift in Sources */,
			);
			runOnlyForDeploymentPostprocessing = 0;
		};
/* End PBXSourcesBuildPhase section */

/* Begin XCBuildConfiguration section */
		FAA91F3C2BC4191400EFD980 /* Debug */ = {
			isa = XCBuildConfiguration;
			buildSettings = {
				ALWAYS_SEARCH_USER_PATHS = NO;
				ASSETCATALOG_COMPILER_GENERATE_SWIFT_ASSET_SYMBOL_EXTENSIONS = YES;
				CLANG_ANALYZER_NONNULL = YES;
				CLANG_ANALYZER_NUMBER_OBJECT_CONVERSION = YES_AGGRESSIVE;
				CLANG_CXX_LANGUAGE_STANDARD = "gnu++20";
				CLANG_ENABLE_MODULES = YES;
				CLANG_ENABLE_OBJC_ARC = YES;
				CLANG_ENABLE_OBJC_WEAK = YES;
				CLANG_WARN_BLOCK_CAPTURE_AUTORELEASING = YES;
				CLANG_WARN_BOOL_CONVERSION = YES;
				CLANG_WARN_COMMA = YES;
				CLANG_WARN_CONSTANT_CONVERSION = YES;
				CLANG_WARN_DEPRECATED_OBJC_IMPLEMENTATIONS = YES;
				CLANG_WARN_DIRECT_OBJC_ISA_USAGE = YES_ERROR;
				CLANG_WARN_DOCUMENTATION_COMMENTS = YES;
				CLANG_WARN_EMPTY_BODY = YES;
				CLANG_WARN_ENUM_CONVERSION = YES;
				CLANG_WARN_INFINITE_RECURSION = YES;
				CLANG_WARN_INT_CONVERSION = YES;
				CLANG_WARN_NON_LITERAL_NULL_CONVERSION = YES;
				CLANG_WARN_OBJC_IMPLICIT_RETAIN_SELF = YES;
				CLANG_WARN_OBJC_LITERAL_CONVERSION = YES;
				CLANG_WARN_OBJC_ROOT_CLASS = YES_ERROR;
				CLANG_WARN_QUOTED_INCLUDE_IN_FRAMEWORK_HEADER = YES;
				CLANG_WARN_RANGE_LOOP_ANALYSIS = YES;
				CLANG_WARN_STRICT_PROTOTYPES = YES;
				CLANG_WARN_SUSPICIOUS_MOVE = YES;
				CLANG_WARN_UNGUARDED_AVAILABILITY = YES_AGGRESSIVE;
				CLANG_WARN_UNREACHABLE_CODE = YES;
				CLANG_WARN__DUPLICATE_METHOD_MATCH = YES;
				COPY_PHASE_STRIP = NO;
				DEBUG_INFORMATION_FORMAT = dwarf;
				ENABLE_STRICT_OBJC_MSGSEND = YES;
				ENABLE_TESTABILITY = YES;
				ENABLE_USER_SCRIPT_SANDBOXING = YES;
				GCC_C_LANGUAGE_STANDARD = gnu17;
				GCC_DYNAMIC_NO_PIC = NO;
				GCC_NO_COMMON_BLOCKS = YES;
				GCC_OPTIMIZATION_LEVEL = 0;
				GCC_PREPROCESSOR_DEFINITIONS = (
					"DEBUG=1",
					"$(inherited)",
				);
				GCC_WARN_64_TO_32_BIT_CONVERSION = YES;
				GCC_WARN_ABOUT_RETURN_TYPE = YES_ERROR;
				GCC_WARN_UNDECLARED_SELECTOR = YES;
				GCC_WARN_UNINITIALIZED_AUTOS = YES_AGGRESSIVE;
				GCC_WARN_UNUSED_FUNCTION = YES;
				GCC_WARN_UNUSED_VARIABLE = YES;
				IPHONEOS_DEPLOYMENT_TARGET = 17.4;
				LOCALIZATION_PREFERS_STRING_CATALOGS = YES;
				MTL_ENABLE_DEBUG_INFO = INCLUDE_SOURCE;
				MTL_FAST_MATH = YES;
				ONLY_ACTIVE_ARCH = YES;
				SDKROOT = iphoneos;
				SWIFT_ACTIVE_COMPILATION_CONDITIONS = "DEBUG $(inherited)";
				SWIFT_OPTIMIZATION_LEVEL = "-Onone";
			};
			name = Debug;
		};
		FAA91F3D2BC4191400EFD980 /* Release */ = {
			isa = XCBuildConfiguration;
			buildSettings = {
				ALWAYS_SEARCH_USER_PATHS = NO;
				ASSETCATALOG_COMPILER_GENERATE_SWIFT_ASSET_SYMBOL_EXTENSIONS = YES;
				CLANG_ANALYZER_NONNULL = YES;
				CLANG_ANALYZER_NUMBER_OBJECT_CONVERSION = YES_AGGRESSIVE;
				CLANG_CXX_LANGUAGE_STANDARD = "gnu++20";
				CLANG_ENABLE_MODULES = YES;
				CLANG_ENABLE_OBJC_ARC = YES;
				CLANG_ENABLE_OBJC_WEAK = YES;
				CLANG_WARN_BLOCK_CAPTURE_AUTORELEASING = YES;
				CLANG_WARN_BOOL_CONVERSION = YES;
				CLANG_WARN_COMMA = YES;
				CLANG_WARN_CONSTANT_CONVERSION = YES;
				CLANG_WARN_DEPRECATED_OBJC_IMPLEMENTATIONS = YES;
				CLANG_WARN_DIRECT_OBJC_ISA_USAGE = YES_ERROR;
				CLANG_WARN_DOCUMENTATION_COMMENTS = YES;
				CLANG_WARN_EMPTY_BODY = YES;
				CLANG_WARN_ENUM_CONVERSION = YES;
				CLANG_WARN_INFINITE_RECURSION = YES;
				CLANG_WARN_INT_CONVERSION = YES;
				CLANG_WARN_NON_LITERAL_NULL_CONVERSION = YES;
				CLANG_WARN_OBJC_IMPLICIT_RETAIN_SELF = YES;
				CLANG_WARN_OBJC_LITERAL_CONVERSION = YES;
				CLANG_WARN_OBJC_ROOT_CLASS = YES_ERROR;
				CLANG_WARN_QUOTED_INCLUDE_IN_FRAMEWORK_HEADER = YES;
				CLANG_WARN_RANGE_LOOP_ANALYSIS = YES;
				CLANG_WARN_STRICT_PROTOTYPES = YES;
				CLANG_WARN_SUSPICIOUS_MOVE = YES;
				CLANG_WARN_UNGUARDED_AVAILABILITY = YES_AGGRESSIVE;
				CLANG_WARN_UNREACHABLE_CODE = YES;
				CLANG_WARN__DUPLICATE_METHOD_MATCH = YES;
				COPY_PHASE_STRIP = NO;
				DEBUG_INFORMATION_FORMAT = "dwarf-with-dsym";
				ENABLE_NS_ASSERTIONS = NO;
				ENABLE_STRICT_OBJC_MSGSEND = YES;
				ENABLE_USER_SCRIPT_SANDBOXING = YES;
				GCC_C_LANGUAGE_STANDARD = gnu17;
				GCC_NO_COMMON_BLOCKS = YES;
				GCC_WARN_64_TO_32_BIT_CONVERSION = YES;
				GCC_WARN_ABOUT_RETURN_TYPE = YES_ERROR;
				GCC_WARN_UNDECLARED_SELECTOR = YES;
				GCC_WARN_UNINITIALIZED_AUTOS = YES_AGGRESSIVE;
				GCC_WARN_UNUSED_FUNCTION = YES;
				GCC_WARN_UNUSED_VARIABLE = YES;
				IPHONEOS_DEPLOYMENT_TARGET = 17.4;
				LOCALIZATION_PREFERS_STRING_CATALOGS = YES;
				MTL_ENABLE_DEBUG_INFO = NO;
				MTL_FAST_MATH = YES;
				SDKROOT = iphoneos;
				SWIFT_COMPILATION_MODE = wholemodule;
				VALIDATE_PRODUCT = YES;
			};
			name = Release;
		};
		FAA91F3F2BC4191400EFD980 /* Debug */ = {
			isa = XCBuildConfiguration;
			buildSettings = {
				ASSETCATALOG_COMPILER_APPICON_NAME = AppIcon;
				ASSETCATALOG_COMPILER_GLOBAL_ACCENT_COLOR_NAME = AccentColor;
				CODE_SIGN_STYLE = Automatic;
				CURRENT_PROJECT_VERSION = 1;
				DEVELOPMENT_ASSET_PATHS = "\"Little Lemon/Preview Content\"";
				DEVELOPMENT_TEAM = 9ND822L587;
				ENABLE_PREVIEWS = YES;
				GENERATE_INFOPLIST_FILE = YES;
				INFOPLIST_KEY_UIApplicationSceneManifest_Generation = YES;
				INFOPLIST_KEY_UIApplicationSupportsIndirectInputEvents = YES;
				INFOPLIST_KEY_UILaunchScreen_Generation = YES;
				INFOPLIST_KEY_UISupportedInterfaceOrientations_iPad = "UIInterfaceOrientationPortrait UIInterfaceOrientationPortraitUpsideDown UIInterfaceOrientationLandscapeLeft UIInterfaceOrientationLandscapeRight";
				INFOPLIST_KEY_UISupportedInterfaceOrientations_iPhone = "UIInterfaceOrientationPortrait UIInterfaceOrientationLandscapeLeft UIInterfaceOrientationLandscapeRight";
				LD_RUNPATH_SEARCH_PATHS = (
					"$(inherited)",
					"@executable_path/Frameworks",
				);
				MARKETING_VERSION = 1.0;
				PRODUCT_BUNDLE_IDENTIFIER = "my.Little-Lemon";
				PRODUCT_NAME = "$(TARGET_NAME)";
				SWIFT_EMIT_LOC_STRINGS = YES;
				SWIFT_VERSION = 5.0;
				TARGETED_DEVICE_FAMILY = "1,2";
			};
			name = Debug;
		};
		FAA91F402BC4191400EFD980 /* Release */ = {
			isa = XCBuildConfiguration;
			buildSettings = {
				ASSETCATALOG_COMPILER_APPICON_NAME = AppIcon;
				ASSETCATALOG_COMPILER_GLOBAL_ACCENT_COLOR_NAME = AccentColor;
				CODE_SIGN_STYLE = Automatic;
				CURRENT_PROJECT_VERSION = 1;
				DEVELOPMENT_ASSET_PATHS = "\"Little Lemon/Preview Content\"";
				DEVELOPMENT_TEAM = 9ND822L587;
				ENABLE_PREVIEWS = YES;
				GENERATE_INFOPLIST_FILE = YES;
				INFOPLIST_KEY_UIApplicationSceneManifest_Generation = YES;
				INFOPLIST_KEY_UIApplicationSupportsIndirectInputEvents = YES;
				INFOPLIST_KEY_UILaunchScreen_Generation = YES;
				INFOPLIST_KEY_UISupportedInterfaceOrientations_iPad = "UIInterfaceOrientationPortrait UIInterfaceOrientationPortraitUpsideDown UIInterfaceOrientationLandscapeLeft UIInterfaceOrientationLandscapeRight";
				INFOPLIST_KEY_UISupportedInterfaceOrientations_iPhone = "UIInterfaceOrientationPortrait UIInterfaceOrientationLandscapeLeft UIInterfaceOrientationLandscapeRight";
				LD_RUNPATH_SEARCH_PATHS = (
					"$(inherited)",
					"@executable_path/Frameworks",
				);
				MARKETING_VERSION = 1.0;
				PRODUCT_BUNDLE_IDENTIFIER = "my.Little-Lemon";
				PRODUCT_NAME = "$(TARGET_NAME)";
				SWIFT_EMIT_LOC_STRINGS = YES;
				SWIFT_VERSION = 5.0;
				TARGETED_DEVICE_FAMILY = "1,2";
			};
			name = Release;
		};
/* End XCBuildConfiguration section */

/* Begin XCConfigurationList section */
		FAA91F2B2BC4191200EFD980 /* Build configuration list for PBXProject "Little Lemon" */ = {
			isa = XCConfigurationList;
			buildConfigurations = (
				FAA91F3C2BC4191400EFD980 /* Debug */,
				FAA91F3D2BC4191400EFD980 /* Release */,
			);
			defaultConfigurationIsVisible = 0;
			defaultConfigurationName = Release;
		};
		FAA91F3E2BC4191400EFD980 /* Build configuration list for PBXNativeTarget "Little Lemon" */ = {
			isa = XCConfigurationList;
			buildConfigurations = (
				FAA91F3F2BC4191400EFD980 /* Debug */,
				FAA91F402BC4191400EFD980 /* Release */,
			);
			defaultConfigurationIsVisible = 0;
			defaultConfigurationName = Release;
		};
/* End XCConfigurationList section */

/* Begin XCVersionGroup section */
		FA4E037A2BE11C5A00016E74 /* ExampleDatabase.xcdatamodeld */ = {
			isa = XCVersionGroup;
			children = (
				FA4E037B2BE11C5A00016E74 /* ExampleDatabase.xcdatamodel */,
			);
			currentVersion = FA4E037B2BE11C5A00016E74 /* ExampleDatabase.xcdatamodel */;
			name = ExampleDatabase.xcdatamodeld;
			path = "/Users/alex/Desktop/Littlelemon App/littlelemon/Little Lemon/Little Lemon/ExampleDatabase.xcdatamodeld";
			sourceTree = "<group>";
			versionGroupType = wrapper.xcdatamodel;
		};
/* End XCVersionGroup section */
	};
	rootObject = FAA91F282BC4191200EFD980 /* Project object */;
}
